// !$*UTF8*$!
{
	archiveVersion = 1;
	classes = {
	};
	objectVersion = 55;
	objects = {

/* Begin PBXBuildFile section */
		FB4EC98727EE153000E1DB2F /* APComputerScineceCreateTaskApp.swift in Sources */ = {isa = PBXBuildFile; fileRef = FB4EC97727EE150700E1DB2F /* APComputerScineceCreateTaskApp.swift */; };
		FB4EC98827EE153000E1DB2F /* APComputerScineceCreateTaskApp.swift in Sources */ = {isa = PBXBuildFile; fileRef = FB4EC97727EE150700E1DB2F /* APComputerScineceCreateTaskApp.swift */; };
		FB4EC98927EE153000E1DB2F /* ContentView.swift in Sources */ = {isa = PBXBuildFile; fileRef = FB4EC97827EE150700E1DB2F /* ContentView.swift */; };
		FB4EC98A27EE153000E1DB2F /* ContentView.swift in Sources */ = {isa = PBXBuildFile; fileRef = FB4EC97827EE150700E1DB2F /* ContentView.swift */; };
		FB4EC98B27EE153000E1DB2F /* Assets.xcassets in Resources */ = {isa = PBXBuildFile; fileRef = FB4EC97927EE153000E1DB2F /* Assets.xcassets */; };
		FB4EC98C27EE153000E1DB2F /* Assets.xcassets in Resources */ = {isa = PBXBuildFile; fileRef = FB4EC97927EE153000E1DB2F /* Assets.xcassets */; };
		FB4EC99827EE201100E1DB2F /* ListOfHouse.swift in Sources */ = {isa = PBXBuildFile; fileRef = FB4EC99727EE201100E1DB2F /* ListOfHouse.swift */; };
		FB4EC99927EE201100E1DB2F /* ListOfHouse.swift in Sources */ = {isa = PBXBuildFile; fileRef = FB4EC99727EE201100E1DB2F /* ListOfHouse.swift */; };
		FB4EC99B27EE202E00E1DB2F /* Segment.swift in Sources */ = {isa = PBXBuildFile; fileRef = FB4EC99A27EE202E00E1DB2F /* Segment.swift */; };
		FB4EC99C27EE202E00E1DB2F /* Segment.swift in Sources */ = {isa = PBXBuildFile; fileRef = FB4EC99A27EE202E00E1DB2F /* Segment.swift */; };
		FB4EC99E27EE205E00E1DB2F /* HouseList.swift in Sources */ = {isa = PBXBuildFile; fileRef = FB4EC99D27EE205E00E1DB2F /* HouseList.swift */; };
		FB4EC99F27EE205E00E1DB2F /* HouseList.swift in Sources */ = {isa = PBXBuildFile; fileRef = FB4EC99D27EE205E00E1DB2F /* HouseList.swift */; };
		FB4EC9A127EE22E000E1DB2F /* SearchBarView.swift in Sources */ = {isa = PBXBuildFile; fileRef = FB4EC9A027EE22E000E1DB2F /* SearchBarView.swift */; };
		FB4EC9A227EE22E000E1DB2F /* SearchBarView.swift in Sources */ = {isa = PBXBuildFile; fileRef = FB4EC9A027EE22E000E1DB2F /* SearchBarView.swift */; };
		FB4EC9A427EF50D600E1DB2F /* HouseView.swift in Sources */ = {isa = PBXBuildFile; fileRef = FB4EC9A327EF50D600E1DB2F /* HouseView.swift */; };
		FB4EC9A527EF50D600E1DB2F /* HouseView.swift in Sources */ = {isa = PBXBuildFile; fileRef = FB4EC9A327EF50D600E1DB2F /* HouseView.swift */; };
/* End PBXBuildFile section */

/* Begin PBXFileReference section */
		FB4EC97727EE150700E1DB2F /* APComputerScineceCreateTaskApp.swift */ = {isa = PBXFileReference; lastKnownFileType = sourcecode.swift; path = APComputerScineceCreateTaskApp.swift; sourceTree = "<group>"; };
		FB4EC97827EE150700E1DB2F /* ContentView.swift */ = {isa = PBXFileReference; lastKnownFileType = sourcecode.swift; path = ContentView.swift; sourceTree = "<group>"; };
		FB4EC97927EE153000E1DB2F /* Assets.xcassets */ = {isa = PBXFileReference; lastKnownFileType = folder.assetcatalog; path = Assets.xcassets; sourceTree = "<group>"; };
		FB4EC97E27EE153000E1DB2F /* APComputerScineceCreateTask.app */ = {isa = PBXFileReference; explicitFileType = wrapper.application; includeInIndex = 0; path = APComputerScineceCreateTask.app; sourceTree = BUILT_PRODUCTS_DIR; };
		FB4EC98427EE153000E1DB2F /* APComputerScineceCreateTask.app */ = {isa = PBXFileReference; explicitFileType = wrapper.application; includeInIndex = 0; path = APComputerScineceCreateTask.app; sourceTree = BUILT_PRODUCTS_DIR; };
		FB4EC98627EE153000E1DB2F /* macOS.entitlements */ = {isa = PBXFileReference; lastKnownFileType = text.plist.entitlements; path = macOS.entitlements; sourceTree = "<group>"; };
		FB4EC99727EE201100E1DB2F /* ListOfHouse.swift */ = {isa = PBXFileReference; lastKnownFileType = sourcecode.swift; path = ListOfHouse.swift; sourceTree = "<group>"; };
		FB4EC99A27EE202E00E1DB2F /* Segment.swift */ = {isa = PBXFileReference; lastKnownFileType = sourcecode.swift; path = Segment.swift; sourceTree = "<group>"; };
		FB4EC99D27EE205E00E1DB2F /* HouseList.swift */ = {isa = PBXFileReference; lastKnownFileType = sourcecode.swift; path = HouseList.swift; sourceTree = "<group>"; };
		FB4EC9A027EE22E000E1DB2F /* SearchBarView.swift */ = {isa = PBXFileReference; fileEncoding = 4; lastKnownFileType = sourcecode.swift; path = SearchBarView.swift; sourceTree = "<group>"; };
		FB4EC9A327EF50D600E1DB2F /* HouseView.swift */ = {isa = PBXFileReference; lastKnownFileType = sourcecode.swift; path = HouseView.swift; sourceTree = "<group>"; };
/* End PBXFileReference section */

/* Begin PBXFrameworksBuildPhase section */
		FB4EC97B27EE153000E1DB2F /* Frameworks */ = {
			isa = PBXFrameworksBuildPhase;
			buildActionMask = 2147483647;
			files = (
			);
			runOnlyForDeploymentPostprocessing = 0;
		};
		FB4EC98127EE153000E1DB2F /* Frameworks */ = {
			isa = PBXFrameworksBuildPhase;
			buildActionMask = 2147483647;
			files = (
			);
			runOnlyForDeploymentPostprocessing = 0;
		};
/* End PBXFrameworksBuildPhase section */

/* Begin PBXGroup section */
		FB4EC97127EE150600E1DB2F = {
			isa = PBXGroup;
			children = (
				FB4EC97627EE150600E1DB2F /* Shared */,
				FB4EC98527EE153000E1DB2F /* macOS */,
				FB4EC97F27EE153000E1DB2F /* Products */,
			);
			sourceTree = "<group>";
		};
		FB4EC97627EE150600E1DB2F /* Shared */ = {
			isa = PBXGroup;
			children = (
				FB4EC97727EE150700E1DB2F /* APComputerScineceCreateTaskApp.swift */,
				FB4EC99527EE1FC700E1DB2F /* Data */,
				FB4EC99627EE1FCE00E1DB2F /* View */,
				FB4EC97927EE153000E1DB2F /* Assets.xcassets */,
			);
			path = Shared;
			sourceTree = "<group>";
		};
		FB4EC97F27EE153000E1DB2F /* Products */ = {
			isa = PBXGroup;
			children = (
				FB4EC97E27EE153000E1DB2F /* APComputerScineceCreateTask.app */,
				FB4EC98427EE153000E1DB2F /* APComputerScineceCreateTask.app */,
			);
			name = Products;
			sourceTree = "<group>";
		};
		FB4EC98527EE153000E1DB2F /* macOS */ = {
			isa = PBXGroup;
			children = (
				FB4EC98627EE153000E1DB2F /* macOS.entitlements */,
			);
			path = macOS;
			sourceTree = "<group>";
		};
		FB4EC99527EE1FC700E1DB2F /* Data */ = {
			isa = PBXGroup;
			children = (
				FB4EC99A27EE202E00E1DB2F /* Segment.swift */,
				FB4EC99D27EE205E00E1DB2F /* HouseList.swift */,
			);
			path = Data;
			sourceTree = "<group>";
		};
		FB4EC99627EE1FCE00E1DB2F /* View */ = {
			isa = PBXGroup;
			children = (
				FB4EC97827EE150700E1DB2F /* ContentView.swift */,
				FB4EC99727EE201100E1DB2F /* ListOfHouse.swift */,
				FB4EC9A327EF50D600E1DB2F /* HouseView.swift */,
				FB4EC9A027EE22E000E1DB2F /* SearchBarView.swift */,
			);
			path = View;
			sourceTree = "<group>";
		};
/* End PBXGroup section */

/* Begin PBXNativeTarget section */
		FB4EC97D27EE153000E1DB2F /* APComputerScineceCreateTask (iOS) */ = {
			isa = PBXNativeTarget;
			buildConfigurationList = FB4EC98F27EE153000E1DB2F /* Build configuration list for PBXNativeTarget "APComputerScineceCreateTask (iOS)" */;
			buildPhases = (
				FB4EC97A27EE153000E1DB2F /* Sources */,
				FB4EC97B27EE153000E1DB2F /* Frameworks */,
				FB4EC97C27EE153000E1DB2F /* Resources */,
			);
			buildRules = (
			);
			dependencies = (
			);
			name = "APComputerScineceCreateTask (iOS)";
			productName = "APComputerScineceCreateTask (iOS)";
			productReference = FB4EC97E27EE153000E1DB2F /* APComputerScineceCreateTask.app */;
			productType = "com.apple.product-type.application";
		};
		FB4EC98327EE153000E1DB2F /* APComputerScineceCreateTask (macOS) */ = {
			isa = PBXNativeTarget;
			buildConfigurationList = FB4EC99227EE153000E1DB2F /* Build configuration list for PBXNativeTarget "APComputerScineceCreateTask (macOS)" */;
			buildPhases = (
				FB4EC98027EE153000E1DB2F /* Sources */,
				FB4EC98127EE153000E1DB2F /* Frameworks */,
				FB4EC98227EE153000E1DB2F /* Resources */,
			);
			buildRules = (
			);
			dependencies = (
			);
			name = "APComputerScineceCreateTask (macOS)";
			productName = "APComputerScineceCreateTask (macOS)";
			productReference = FB4EC98427EE153000E1DB2F /* APComputerScineceCreateTask.app */;
			productType = "com.apple.product-type.application";
		};
/* End PBXNativeTarget section */

/* Begin PBXProject section */
		FB4EC97227EE150600E1DB2F /* Project object */ = {
			isa = PBXProject;
			attributes = {
				BuildIndependentTargetsInParallel = 1;
				LastSwiftUpdateCheck = 1300;
				LastUpgradeCheck = 1300;
				TargetAttributes = {
					FB4EC97D27EE153000E1DB2F = {
						CreatedOnToolsVersion = 13.0;
					};
					FB4EC98327EE153000E1DB2F = {
						CreatedOnToolsVersion = 13.0;
					};
				};
			};
			buildConfigurationList = FB4EC97527EE150600E1DB2F /* Build configuration list for PBXProject "APComputerScineceCreateTask" */;
			compatibilityVersion = "Xcode 13.0";
			developmentRegion = en;
			hasScannedForEncodings = 0;
			knownRegions = (
				en,
				Base,
			);
			mainGroup = FB4EC97127EE150600E1DB2F;
			productRefGroup = FB4EC97F27EE153000E1DB2F /* Products */;
			projectDirPath = "";
			projectRoot = "";
			targets = (
				FB4EC97D27EE153000E1DB2F /* APComputerScineceCreateTask (iOS) */,
				FB4EC98327EE153000E1DB2F /* APComputerScineceCreateTask (macOS) */,
			);
		};
/* End PBXProject section */

/* Begin PBXResourcesBuildPhase section */
		FB4EC97C27EE153000E1DB2F /* Resources */ = {
			isa = PBXResourcesBuildPhase;
			buildActionMask = 2147483647;
			files = (
				FB4EC98B27EE153000E1DB2F /* Assets.xcassets in Resources */,
			);
			runOnlyForDeploymentPostprocessing = 0;
		};
		FB4EC98227EE153000E1DB2F /* Resources */ = {
			isa = PBXResourcesBuildPhase;
			buildActionMask = 2147483647;
			files = (
				FB4EC98C27EE153000E1DB2F /* Assets.xcassets in Resources */,
			);
			runOnlyForDeploymentPostprocessing = 0;
		};
/* End PBXResourcesBuildPhase section */

/* Begin PBXSourcesBuildPhase section */
		FB4EC97A27EE153000E1DB2F /* Sources */ = {
			isa = PBXSourcesBuildPhase;
			buildActionMask = 2147483647;
			files = (
				FB4EC98927EE153000E1DB2F /* ContentView.swift in Sources */,
				FB4EC99827EE201100E1DB2F /* ListOfHouse.swift in Sources */,
				FB4EC98727EE153000E1DB2F /* APComputerScineceCreateTaskApp.swift in Sources */,
				FB4EC99E27EE205E00E1DB2F /* HouseList.swift in Sources */,
				FB4EC9A427EF50D600E1DB2F /* HouseView.swift in Sources */,
				FB4EC9A127EE22E000E1DB2F /* SearchBarView.swift in Sources */,
				FB4EC99B27EE202E00E1DB2F /* Segment.swift in Sources */,
			);
			runOnlyForDeploymentPostprocessing = 0;
		};
		FB4EC98027EE153000E1DB2F /* Sources */ = {
			isa = PBXSourcesBuildPhase;
			buildActionMask = 2147483647;
			files = (
				FB4EC98A27EE153000E1DB2F /* ContentView.swift in Sources */,
				FB4EC99927EE201100E1DB2F /* ListOfHouse.swift in Sources */,
				FB4EC98827EE153000E1DB2F /* APComputerScineceCreateTaskApp.swift in Sources */,
				FB4EC99F27EE205E00E1DB2F /* HouseList.swift in Sources */,
				FB4EC9A527EF50D600E1DB2F /* HouseView.swift in Sources */,
				FB4EC9A227EE22E000E1DB2F /* SearchBarView.swift in Sources */,
				FB4EC99C27EE202E00E1DB2F /* Segment.swift in Sources */,
			);
			runOnlyForDeploymentPostprocessing = 0;
		};
/* End PBXSourcesBuildPhase section */

/* Begin XCBuildConfiguration section */
		FB4EC98D27EE153000E1DB2F /* Debug */ = {
			isa = XCBuildConfiguration;
			buildSettings = {
				ALWAYS_SEARCH_USER_PATHS = NO;
				CLANG_ANALYZER_NONNULL = YES;
				CLANG_ANALYZER_NUMBER_OBJECT_CONVERSION = YES_AGGRESSIVE;
				CLANG_CXX_LANGUAGE_STANDARD = "gnu++17";
				CLANG_CXX_LIBRARY = "libc++";
				CLANG_ENABLE_MODULES = YES;
				CLANG_ENABLE_OBJC_ARC = YES;
				CLANG_ENABLE_OBJC_WEAK = YES;
				CLANG_WARN_BLOCK_CAPTURE_AUTORELEASING = YES;
				CLANG_WARN_BOOL_CONVERSION = YES;
				CLANG_WARN_COMMA = YES;
				CLANG_WARN_CONSTANT_CONVERSION = YES;
				CLANG_WARN_DEPRECATED_OBJC_IMPLEMENTATIONS = YES;
				CLANG_WARN_DIRECT_OBJC_ISA_USAGE = YES_ERROR;
				CLANG_WARN_DOCUMENTATION_COMMENTS = YES;
				CLANG_WARN_EMPTY_BODY = YES;
				CLANG_WARN_ENUM_CONVERSION = YES;
				CLANG_WARN_INFINITE_RECURSION = YES;
				CLANG_WARN_INT_CONVERSION = YES;
				CLANG_WARN_NON_LITERAL_NULL_CONVERSION = YES;
				CLANG_WARN_OBJC_IMPLICIT_RETAIN_SELF = YES;
				CLANG_WARN_OBJC_LITERAL_CONVERSION = YES;
				CLANG_WARN_OBJC_ROOT_CLASS = YES_ERROR;
				CLANG_WARN_QUOTED_INCLUDE_IN_FRAMEWORK_HEADER = YES;
				CLANG_WARN_RANGE_LOOP_ANALYSIS = YES;
				CLANG_WARN_STRICT_PROTOTYPES = YES;
				CLANG_WARN_SUSPICIOUS_MOVE = YES;
				CLANG_WARN_UNGUARDED_AVAILABILITY = YES_AGGRESSIVE;
				CLANG_WARN_UNREACHABLE_CODE = YES;
				CLANG_WARN__DUPLICATE_METHOD_MATCH = YES;
				COPY_PHASE_STRIP = NO;
				DEBUG_INFORMATION_FORMAT = dwarf;
				ENABLE_STRICT_OBJC_MSGSEND = YES;
				ENABLE_TESTABILITY = YES;
				GCC_C_LANGUAGE_STANDARD = gnu11;
				GCC_DYNAMIC_NO_PIC = NO;
				GCC_NO_COMMON_BLOCKS = YES;
				GCC_OPTIMIZATION_LEVEL = 0;
				GCC_PREPROCESSOR_DEFINITIONS = (
					"DEBUG=1",
					"$(inherited)",
				);
				GCC_WARN_64_TO_32_BIT_CONVERSION = YES;
				GCC_WARN_ABOUT_RETURN_TYPE = YES_ERROR;
				GCC_WARN_UNDECLARED_SELECTOR = YES;
				GCC_WARN_UNINITIALIZED_AUTOS = YES_AGGRESSIVE;
				GCC_WARN_UNUSED_FUNCTION = YES;
				GCC_WARN_UNUSED_VARIABLE = YES;
				MTL_ENABLE_DEBUG_INFO = INCLUDE_SOURCE;
				MTL_FAST_MATH = YES;
				ONLY_ACTIVE_ARCH = YES;
				SWIFT_ACTIVE_COMPILATION_CONDITIONS = DEBUG;
				SWIFT_OPTIMIZATION_LEVEL = "-Onone";
			};
			name = Debug;
		};
		FB4EC98E27EE153000E1DB2F /* Release */ = {
			isa = XCBuildConfiguration;
			buildSettings = {
				ALWAYS_SEARCH_USER_PATHS = NO;
				CLANG_ANALYZER_NONNULL = YES;
				CLANG_ANALYZER_NUMBER_OBJECT_CONVERSION = YES_AGGRESSIVE;
				CLANG_CXX_LANGUAGE_STANDARD = "gnu++17";
				CLANG_CXX_LIBRARY = "libc++";
				CLANG_ENABLE_MODULES = YES;
				CLANG_ENABLE_OBJC_ARC = YES;
				CLANG_ENABLE_OBJC_WEAK = YES;
				CLANG_WARN_BLOCK_CAPTURE_AUTORELEASING = YES;
				CLANG_WARN_BOOL_CONVERSION = YES;
				CLANG_WARN_COMMA = YES;
				CLANG_WARN_CONSTANT_CONVERSION = YES;
				CLANG_WARN_DEPRECATED_OBJC_IMPLEMENTATIONS = YES;
				CLANG_WARN_DIRECT_OBJC_ISA_USAGE = YES_ERROR;
				CLANG_WARN_DOCUMENTATION_COMMENTS = YES;
				CLANG_WARN_EMPTY_BODY = YES;
				CLANG_WARN_ENUM_CONVERSION = YES;
				CLANG_WARN_INFINITE_RECURSION = YES;
				CLANG_WARN_INT_CONVERSION = YES;
				CLANG_WARN_NON_LITERAL_NULL_CONVERSION = YES;
				CLANG_WARN_OBJC_IMPLICIT_RETAIN_SELF = YES;
				CLANG_WARN_OBJC_LITERAL_CONVERSION = YES;
				CLANG_WARN_OBJC_ROOT_CLASS = YES_ERROR;
				CLANG_WARN_QUOTED_INCLUDE_IN_FRAMEWORK_HEADER = YES;
				CLANG_WARN_RANGE_LOOP_ANALYSIS = YES;
				CLANG_WARN_STRICT_PROTOTYPES = YES;
				CLANG_WARN_SUSPICIOUS_MOVE = YES;
				CLANG_WARN_UNGUARDED_AVAILABILITY = YES_AGGRESSIVE;
				CLANG_WARN_UNREACHABLE_CODE = YES;
				CLANG_WARN__DUPLICATE_METHOD_MATCH = YES;
				COPY_PHASE_STRIP = NO;
				DEBUG_INFORMATION_FORMAT = "dwarf-with-dsym";
				ENABLE_NS_ASSERTIONS = NO;
				ENABLE_STRICT_OBJC_MSGSEND = YES;
				GCC_C_LANGUAGE_STANDARD = gnu11;
				GCC_NO_COMMON_BLOCKS = YES;
				GCC_WARN_64_TO_32_BIT_CONVERSION = YES;
				GCC_WARN_ABOUT_RETURN_TYPE = YES_ERROR;
				GCC_WARN_UNDECLARED_SELECTOR = YES;
				GCC_WARN_UNINITIALIZED_AUTOS = YES_AGGRESSIVE;
				GCC_WARN_UNUSED_FUNCTION = YES;
				GCC_WARN_UNUSED_VARIABLE = YES;
				MTL_ENABLE_DEBUG_INFO = NO;
				MTL_FAST_MATH = YES;
				SWIFT_COMPILATION_MODE = wholemodule;
				SWIFT_OPTIMIZATION_LEVEL = "-O";
			};
			name = Release;
		};
		FB4EC99027EE153000E1DB2F /* Debug */ = {
			isa = XCBuildConfiguration;
			buildSettings = {
				ASSETCATALOG_COMPILER_APPICON_NAME = AppIcon;
				ASSETCATALOG_COMPILER_GLOBAL_ACCENT_COLOR_NAME = AccentColor;
				CODE_SIGN_STYLE = Automatic;
				CURRENT_PROJECT_VERSION = 1;
				DEVELOPMENT_TEAM = MVTMGC7XMB;
				ENABLE_PREVIEWS = YES;
				GENERATE_INFOPLIST_FILE = YES;
				INFOPLIST_KEY_UIApplicationSceneManifest_Generation = YES;
				INFOPLIST_KEY_UIApplicationSupportsIndirectInputEvents = YES;
				INFOPLIST_KEY_UILaunchScreen_Generation = YES;
				INFOPLIST_KEY_UISupportedInterfaceOrientations_iPad = "UIInterfaceOrientationPortrait UIInterfaceOrientationPortraitUpsideDown UIInterfaceOrientationLandscapeLeft UIInterfaceOrientationLandscapeRight";
				INFOPLIST_KEY_UISupportedInterfaceOrientations_iPhone = "UIInterfaceOrientationPortrait UIInterfaceOrientationLandscapeLeft UIInterfaceOrientationLandscapeRight";
				IPHONEOS_DEPLOYMENT_TARGET = 14.0;
				LD_RUNPATH_SEARCH_PATHS = (
					"$(inherited)",
					"@executable_path/Frameworks",
				);
				MARKETING_VERSION = 1.0;
				PRODUCT_BUNDLE_IDENTIFIER = ca.stevenzhang.APComputerScineceCreateTask;
				PRODUCT_NAME = APComputerScineceCreateTask;
				SDKROOT = iphoneos;
				SWIFT_EMIT_LOC_STRINGS = YES;
				SWIFT_VERSION = 5.0;
				TARGETED_DEVICE_FAMILY = "1,2";
			};
			name = Debug;
		};
		FB4EC99127EE153000E1DB2F /* Release */ = {
			isa = XCBuildConfiguration;
			buildSettings = {
				ASSETCATALOG_COMPILER_APPICON_NAME = AppIcon;
				ASSETCATALOG_COMPILER_GLOBAL_ACCENT_COLOR_NAME = AccentColor;
				CODE_SIGN_STYLE = Automatic;
				CURRENT_PROJECT_VERSION = 1;
				DEVELOPMENT_TEAM = MVTMGC7XMB;
				ENABLE_PREVIEWS = YES;
				GENERATE_INFOPLIST_FILE = YES;
				INFOPLIST_KEY_UIApplicationSceneManifest_Generation = YES;
				INFOPLIST_KEY_UIApplicationSupportsIndirectInputEvents = YES;
				INFOPLIST_KEY_UILaunchScreen_Generation = YES;
				INFOPLIST_KEY_UISupportedInterfaceOrientations_iPad = "UIInterfaceOrientationPortrait UIInterfaceOrientationPortraitUpsideDown UIInterfaceOrientationLandscapeLeft UIInterfaceOrientationLandscapeRight";
				INFOPLIST_KEY_UISupportedInterfaceOrientations_iPhone = "UIInterfaceOrientationPortrait UIInterfaceOrientationLandscapeLeft UIInterfaceOrientationLandscapeRight";
				IPHONEOS_DEPLOYMENT_TARGET = 14.0;
				LD_RUNPATH_SEARCH_PATHS = (
					"$(inherited)",
					"@executable_path/Frameworks",
				);
				MARKETING_VERSION = 1.0;
				PRODUCT_BUNDLE_IDENTIFIER = ca.stevenzhang.APComputerScineceCreateTask;
				PRODUCT_NAME = APComputerScineceCreateTask;
				SDKROOT = iphoneos;
				SWIFT_EMIT_LOC_STRINGS = YES;
				SWIFT_VERSION = 5.0;
				TARGETED_DEVICE_FAMILY = "1,2";
				VALIDATE_PRODUCT = YES;
			};
			name = Release;
		};
		FB4EC99327EE153000E1DB2F /* Debug */ = {
			isa = XCBuildConfiguration;
			buildSettings = {
				ASSETCATALOG_COMPILER_APPICON_NAME = AppIcon;
				ASSETCATALOG_COMPILER_GLOBAL_ACCENT_COLOR_NAME = AccentColor;
				CODE_SIGN_ENTITLEMENTS = macOS/macOS.entitlements;
				CODE_SIGN_STYLE = Automatic;
				COMBINE_HIDPI_IMAGES = YES;
				CURRENT_PROJECT_VERSION = 1;
				DEVELOPMENT_TEAM = MVTMGC7XMB;
				ENABLE_HARDENED_RUNTIME = YES;
				ENABLE_PREVIEWS = YES;
				GENERATE_INFOPLIST_FILE = YES;
				INFOPLIST_KEY_NSHumanReadableCopyright = "";
				LD_RUNPATH_SEARCH_PATHS = (
					"$(inherited)",
					"@executable_path/../Frameworks",
				);
				MACOSX_DEPLOYMENT_TARGET = 11.0;
				MARKETING_VERSION = 1.0;
				PRODUCT_BUNDLE_IDENTIFIER = ca.stevenzhang.APComputerScineceCreateTask;
				PRODUCT_NAME = APComputerScineceCreateTask;
				SDKROOT = macosx;
				SWIFT_EMIT_LOC_STRINGS = YES;
				SWIFT_VERSION = 5.0;
			};
			name = Debug;
		};
		FB4EC99427EE153000E1DB2F /* Release */ = {
			isa = XCBuildConfiguration;
			buildSettings = {
				ASSETCATALOG_COMPILER_APPICON_NAME = AppIcon;
				ASSETCATALOG_COMPILER_GLOBAL_ACCENT_COLOR_NAME = AccentColor;
				CODE_SIGN_ENTITLEMENTS = macOS/macOS.entitlements;
				CODE_SIGN_STYLE = Automatic;
				COMBINE_HIDPI_IMAGES = YES;
				CURRENT_PROJECT_VERSION = 1;
				DEVELOPMENT_TEAM = MVTMGC7XMB;
				ENABLE_HARDENED_RUNTIME = YES;
				ENABLE_PREVIEWS = YES;
				GENERATE_INFOPLIST_FILE = YES;
				INFOPLIST_KEY_NSHumanReadableCopyright = "";
				LD_RUNPATH_SEARCH_PATHS = (
					"$(inherited)",
					"@executable_path/../Frameworks",
				);
				MACOSX_DEPLOYMENT_TARGET = 11.0;
				MARKETING_VERSION = 1.0;
				PRODUCT_BUNDLE_IDENTIFIER = ca.stevenzhang.APComputerScineceCreateTask;
				PRODUCT_NAME = APComputerScineceCreateTask;
				SDKROOT = macosx;
				SWIFT_EMIT_LOC_STRINGS = YES;
				SWIFT_VERSION = 5.0;
			};
			name = Release;
		};
/* End XCBuildConfiguration section */

/* Begin XCConfigurationList section */
		FB4EC97527EE150600E1DB2F /* Build configuration list for PBXProject "APComputerScineceCreateTask" */ = {
			isa = XCConfigurationList;
			buildConfigurations = (
				FB4EC98D27EE153000E1DB2F /* Debug */,
				FB4EC98E27EE153000E1DB2F /* Release */,
			);
			defaultConfigurationIsVisible = 0;
			defaultConfigurationName = Release;
		};
		FB4EC98F27EE153000E1DB2F /* Build configuration list for PBXNativeTarget "APComputerScineceCreateTask (iOS)" */ = {
			isa = XCConfigurationList;
			buildConfigurations = (
				FB4EC99027EE153000E1DB2F /* Debug */,
				FB4EC99127EE153000E1DB2F /* Release */,
			);
			defaultConfigurationIsVisible = 0;
			defaultConfigurationName = Release;
		};
		FB4EC99227EE153000E1DB2F /* Build configuration list for PBXNativeTarget "APComputerScineceCreateTask (macOS)" */ = {
			isa = XCConfigurationList;
			buildConfigurations = (
				FB4EC99327EE153000E1DB2F /* Debug */,
				FB4EC99427EE153000E1DB2F /* Release */,
			);
			defaultConfigurationIsVisible = 0;
			defaultConfigurationName = Release;
		};
/* End XCConfigurationList section */
	};
	rootObject = FB4EC97227EE150600E1DB2F /* Project object */;
}
